{
  "version": 4,
  "terraform_version": "1.13.4",
  "serial": 16,
  "lineage": "798d654b-fcdc-85f4-1b25-12dff1e1c8d8",
  "outputs": {
    "api_endpoint": {
      "value": "https://1lrgx057rh.execute-api.us-east-1.amazonaws.com/search",
      "type": "string"
    },
    "kms_key_id": {
      "value": "205fdb46-3001-4172-a8fc-f3268b9b0caa",
      "type": "string"
    }
  },
  "resources": [
    {
      "mode": "managed",
      "type": "aws_apigatewayv2_api",
      "name": "google_search_proxy",
      "provider": "provider[\"registry.terraform.io/hashicorp/aws\"]",
      "instances": [
        {
          "schema_version": 0,
          "attributes": {
            "api_endpoint": "https://1lrgx057rh.execute-api.us-east-1.amazonaws.com",
            "api_key_selection_expression": "$request.header.x-api-key",
            "arn": "arn:aws:apigateway:us-east-1::/apis/1lrgx057rh",
            "body": null,
            "cors_configuration": [
              {
                "allow_credentials": false,
                "allow_headers": [
                  "content-type"
                ],
                "allow_methods": [
                  "GET",
                  "OPTIONS"
                ],
                "allow_origins": [
                  "*"
                ],
                "expose_headers": [],
                "max_age": 300
              }
            ],
            "credentials_arn": null,
            "description": "",
            "disable_execute_api_endpoint": false,
            "execution_arn": "arn:aws:execute-api:us-east-1:470240306861:1lrgx057rh",
            "fail_on_warnings": null,
            "id": "1lrgx057rh",
            "ip_address_type": "ipv4",
            "name": "cognotik-google-search-proxy",
            "protocol_type": "HTTP",
            "route_key": null,
            "route_selection_expression": "$request.method $request.path",
            "tags": {},
            "tags_all": {},
            "target": null,
            "version": ""
          },
          "sensitive_attributes": [],
          "identity_schema_version": 0,
          "private": "bnVsbA=="
        }
      ]
    },
    {
      "mode": "managed",
      "type": "aws_apigatewayv2_integration",
      "name": "lambda",
      "provider": "provider[\"registry.terraform.io/hashicorp/aws\"]",
      "instances": [
        {
          "schema_version": 0,
          "attributes": {
            "api_id": "1lrgx057rh",
            "connection_id": "",
            "connection_type": "INTERNET",
            "content_handling_strategy": "",
            "credentials_arn": "",
            "description": "",
            "id": "l1ry0b1",
            "integration_method": "POST",
            "integration_response_selection_expression": "",
            "integration_subtype": "",
            "integration_type": "AWS_PROXY",
            "integration_uri": "arn:aws:apigateway:us-east-1:lambda:path/2015-03-31/functions/arn:aws:lambda:us-east-1:470240306861:function:cognotik-google-search-proxy/invocations",
            "passthrough_behavior": "",
            "payload_format_version": "2.0",
            "request_parameters": {},
            "request_templates": {},
            "response_parameters": [],
            "template_selection_expression": "",
            "timeout_milliseconds": 30000,
            "tls_config": []
          },
          "sensitive_attributes": [],
          "identity_schema_version": 0,
          "private": "bnVsbA==",
          "dependencies": [
            "aws_apigatewayv2_api.google_search_proxy",
            "aws_iam_role.google_search_proxy",
            "aws_lambda_function.google_search_proxy"
          ]
        }
      ]
    },
    {
      "mode": "managed",
      "type": "aws_apigatewayv2_route",
      "name": "search",
      "provider": "provider[\"registry.terraform.io/hashicorp/aws\"]",
      "instances": [
        {
          "schema_version": 0,
          "attributes": {
            "api_id": "1lrgx057rh",
            "api_key_required": false,
            "authorization_scopes": [],
            "authorization_type": "NONE",
            "authorizer_id": "",
            "id": "kg8b5un",
            "model_selection_expression": "",
            "operation_name": "",
            "request_models": {},
            "request_parameter": [],
            "route_key": "GET /search",
            "route_response_selection_expression": "",
            "target": "integrations/l1ry0b1"
          },
          "sensitive_attributes": [],
          "identity_schema_version": 0,
          "private": "bnVsbA==",
          "dependencies": [
            "aws_apigatewayv2_api.google_search_proxy",
            "aws_apigatewayv2_integration.lambda",
            "aws_iam_role.google_search_proxy",
            "aws_lambda_function.google_search_proxy"
          ]
        }
      ]
    },
    {
      "mode": "managed",
      "type": "aws_apigatewayv2_stage",
      "name": "default",
      "provider": "provider[\"registry.terraform.io/hashicorp/aws\"]",
      "instances": [
        {
          "schema_version": 0,
          "attributes": {
            "access_log_settings": [],
            "api_id": "1lrgx057rh",
            "arn": "arn:aws:apigateway:us-east-1::/apis/1lrgx057rh/stages/$default",
            "auto_deploy": true,
            "client_certificate_id": "",
            "default_route_settings": [
              {
                "data_trace_enabled": false,
                "detailed_metrics_enabled": false,
                "logging_level": "",
                "throttling_burst_limit": 0,
                "throttling_rate_limit": 0
              }
            ],
            "deployment_id": "quekbv",
            "description": "",
            "execution_arn": "arn:aws:execute-api:us-east-1:470240306861:1lrgx057rh/$default",
            "id": "$default",
            "invoke_url": "https://1lrgx057rh.execute-api.us-east-1.amazonaws.com/",
            "name": "$default",
            "route_settings": [],
            "stage_variables": {},
            "tags": {},
            "tags_all": {}
          },
          "sensitive_attributes": [],
          "identity_schema_version": 0,
          "private": "bnVsbA==",
          "dependencies": [
            "aws_apigatewayv2_api.google_search_proxy"
          ]
        }
      ]
    },
    {
      "mode": "managed",
      "type": "aws_iam_role",
      "name": "google_search_proxy",
      "provider": "provider[\"registry.terraform.io/hashicorp/aws\"]",
      "instances": [
        {
          "schema_version": 0,
          "attributes": {
            "arn": "arn:aws:iam::470240306861:role/cognotik-google-search-proxy",
            "assume_role_policy": "{\"Statement\":[{\"Action\":\"sts:AssumeRole\",\"Effect\":\"Allow\",\"Principal\":{\"Service\":\"lambda.amazonaws.com\"}}],\"Version\":\"2012-10-17\"}",
            "create_date": "2025-10-18T20:54:18Z",
            "description": "",
            "force_detach_policies": false,
            "id": "cognotik-google-search-proxy",
            "inline_policy": [
              {
                "name": "kms-decrypt-policy",
                "policy": "{\"Version\":\"2012-10-17\",\"Statement\":[{\"Action\":[\"kms:Decrypt\"],\"Effect\":\"Allow\",\"Resource\":\"arn:aws:kms:us-east-1:470240306861:key/205fdb46-3001-4172-a8fc-f3268b9b0caa\"}]}"
              }
            ],
            "managed_policy_arns": [
              "arn:aws:iam::aws:policy/service-role/AWSLambdaBasicExecutionRole"
            ],
            "max_session_duration": 3600,
            "name": "cognotik-google-search-proxy",
            "name_prefix": "",
            "path": "/",
            "permissions_boundary": "",
            "tags": {},
            "tags_all": {},
            "unique_id": "AROAW27EBU2WU3IQ24TXO"
          },
          "sensitive_attributes": [],
          "identity_schema_version": 0,
          "private": "bnVsbA=="
        }
      ]
    },
    {
      "mode": "managed",
      "type": "aws_iam_role_policy",
      "name": "kms_decrypt",
      "provider": "provider[\"registry.terraform.io/hashicorp/aws\"]",
      "instances": [
        {
          "schema_version": 0,
          "attributes": {
            "id": "cognotik-google-search-proxy:kms-decrypt-policy",
            "name": "kms-decrypt-policy",
            "name_prefix": "",
            "policy": "{\"Version\":\"2012-10-17\",\"Statement\":[{\"Action\":[\"kms:Decrypt\"],\"Effect\":\"Allow\",\"Resource\":\"arn:aws:kms:us-east-1:470240306861:key/205fdb46-3001-4172-a8fc-f3268b9b0caa\"}]}",
            "role": "cognotik-google-search-proxy"
          },
          "sensitive_attributes": [],
          "identity_schema_version": 0,
          "private": "bnVsbA==",
          "dependencies": [
            "aws_iam_role.google_search_proxy",
            "aws_kms_key.google_api_key"
          ]
        }
      ]
    },
    {
      "mode": "managed",
      "type": "aws_iam_role_policy_attachment",
      "name": "lambda_basic",
      "provider": "provider[\"registry.terraform.io/hashicorp/aws\"]",
      "instances": [
        {
          "schema_version": 0,
          "attributes": {
            "id": "cognotik-google-search-proxy-20251018205419125300000001",
            "policy_arn": "arn:aws:iam::aws:policy/service-role/AWSLambdaBasicExecutionRole",
            "role": "cognotik-google-search-proxy"
          },
          "sensitive_attributes": [],
          "identity_schema_version": 0,
          "private": "bnVsbA==",
          "dependencies": [
            "aws_iam_role.google_search_proxy"
          ]
        }
      ]
    },
    {
      "mode": "managed",
      "type": "aws_kms_alias",
      "name": "google_api_key",
      "provider": "provider[\"registry.terraform.io/hashicorp/aws\"]",
      "instances": [
        {
          "schema_version": 0,
          "attributes": {
            "arn": "arn:aws:kms:us-east-1:470240306861:alias/cognotik-google-api",
            "id": "alias/cognotik-google-api",
            "name": "alias/cognotik-google-api",
            "name_prefix": "",
            "target_key_arn": "arn:aws:kms:us-east-1:470240306861:key/205fdb46-3001-4172-a8fc-f3268b9b0caa",
            "target_key_id": "205fdb46-3001-4172-a8fc-f3268b9b0caa"
          },
          "sensitive_attributes": [],
          "identity_schema_version": 0,
          "private": "bnVsbA==",
          "dependencies": [
            "aws_kms_key.google_api_key"
          ]
        }
      ]
    },
    {
      "mode": "managed",
      "type": "aws_kms_key",
      "name": "google_api_key",
      "provider": "provider[\"registry.terraform.io/hashicorp/aws\"]",
      "instances": [
        {
          "schema_version": 0,
          "attributes": {
            "arn": "arn:aws:kms:us-east-1:470240306861:key/205fdb46-3001-4172-a8fc-f3268b9b0caa",
            "bypass_policy_lockout_safety_check": false,
            "custom_key_store_id": "",
            "customer_master_key_spec": "SYMMETRIC_DEFAULT",
            "deletion_window_in_days": 10,
            "description": "KMS key for Google API credentials",
            "enable_key_rotation": true,
            "id": "205fdb46-3001-4172-a8fc-f3268b9b0caa",
            "is_enabled": true,
            "key_id": "205fdb46-3001-4172-a8fc-f3268b9b0caa",
            "key_usage": "ENCRYPT_DECRYPT",
            "multi_region": false,
            "policy": "{\"Id\":\"key-default-1\",\"Statement\":[{\"Action\":\"kms:*\",\"Effect\":\"Allow\",\"Principal\":{\"AWS\":\"arn:aws:iam::470240306861:root\"},\"Resource\":\"*\",\"Sid\":\"Enable IAM User Permissions\"}],\"Version\":\"2012-10-17\"}",
            "rotation_period_in_days": 365,
            "tags": {
              "Environment": "dev",
              "Name": "cognotik-google-api-key"
            },
            "tags_all": {
              "Environment": "dev",
              "Name": "cognotik-google-api-key"
            },
            "timeouts": null,
            "xks_key_id": ""
          },
          "sensitive_attributes": [],
          "identity_schema_version": 0,
          "private": "eyJlMmJmYjczMC1lY2FhLTExZTYtOGY4OC0zNDM2M2JjN2M0YzAiOnsiY3JlYXRlIjoxMjAwMDAwMDAwMDB9fQ=="
        }
      ]
    },
    {
      "mode": "managed",
      "type": "aws_lambda_function",
      "name": "google_search_proxy",
      "provider": "provider[\"registry.terraform.io/hashicorp/aws\"]",
      "instances": [
        {
          "schema_version": 0,
          "attributes": {
            "architectures": [
              "x86_64"
            ],
            "arn": "arn:aws:lambda:us-east-1:470240306861:function:cognotik-google-search-proxy",
            "code_sha256": "M1MO+DRxP/Vj2PT+IuGY0Brm7+w/xBEsT1x41z324fg=",
            "code_signing_config_arn": "",
            "dead_letter_config": [],
            "description": "",
            "environment": [
              {
                "variables": {
                  "ENCRYPTED_GOOGLE_API_KEY": "AQICAHi2d0fmXGhZLVkzcWgUF8ccTR+gvh+M970B+ZlblQRRTwFnkKTfP2BNpGrR3lTqO73kAAAAhjCBgwYJKoZIhvcNAQcGoHYwdAIBADBvBgkqhkiG9w0BBwEwHgYJYIZIAWUDBAEuMBEEDHAr0zG0gXG7ttv3jgIBEIBCJ2nOkJcdJjBzOOoPbrQGneKoXOK+xNn6wyRLyoZiw/ejQ2H3yYf4h+dZdaDF+QFh2zjCTQq5p7t0FawRRH/3IjBo",
                  "ENCRYPTED_SEARCH_ENGINE_ID": "AQICAHi2d0fmXGhZLVkzcWgUF8ccTR+gvh+M970B+ZlblQRRTwHqvVsxFXgnZC/AH6iPrM7gAAAAbzBtBgkqhkiG9w0BBwagYDBeAgEAMFkGCSqGSIb3DQEHATAeBglghkgBZQMEAS4wEQQML3sxj2HXnJFO14TBAgEQgCyDYDp5fMA3yhtWAhQ2wMFrw1N05buPHOIB5gmUmv1fytARTeAoKjWWcKvIeA=="
                }
              }
            ],
            "ephemeral_storage": [
              {
                "size": 512
              }
            ],
            "file_system_config": [],
            "filename": "../lambda/lambda_function.zip",
            "function_name": "cognotik-google-search-proxy",
            "handler": "lambda_function.lambda_handler",
            "id": "cognotik-google-search-proxy",
            "image_config": [],
            "image_uri": "",
            "invoke_arn": "arn:aws:apigateway:us-east-1:lambda:path/2015-03-31/functions/arn:aws:lambda:us-east-1:470240306861:function:cognotik-google-search-proxy/invocations",
            "kms_key_arn": "",
            "last_modified": "2025-10-18T21:03:16.000+0000",
            "layers": [],
            "logging_config": [
              {
                "application_log_level": "",
                "log_format": "Text",
                "log_group": "/aws/lambda/cognotik-google-search-proxy",
                "system_log_level": ""
              }
            ],
            "memory_size": 256,
            "package_type": "Zip",
            "publish": false,
            "qualified_arn": "arn:aws:lambda:us-east-1:470240306861:function:cognotik-google-search-proxy:$LATEST",
            "qualified_invoke_arn": "arn:aws:apigateway:us-east-1:lambda:path/2015-03-31/functions/arn:aws:lambda:us-east-1:470240306861:function:cognotik-google-search-proxy:$LATEST/invocations",
            "replace_security_groups_on_destroy": null,
            "replacement_security_group_ids": null,
            "reserved_concurrent_executions": -1,
            "role": "arn:aws:iam::470240306861:role/cognotik-google-search-proxy",
            "runtime": "python3.11",
            "s3_bucket": null,
            "s3_key": null,
            "s3_object_version": null,
            "signing_job_arn": "",
            "signing_profile_version_arn": "",
            "skip_destroy": false,
            "snap_start": [],
            "source_code_hash": "M1MO+DRxP/Vj2PT+IuGY0Brm7+w/xBEsT1x41z324fg=",
            "source_code_size": 1458,
            "tags": {
              "Environment": "dev",
              "Name": "cognotik-google-search-proxy"
            },
            "tags_all": {
              "Environment": "dev",
              "Name": "cognotik-google-search-proxy"
            },
            "timeout": 30,
            "timeouts": null,
            "tracing_config": [
              {
                "mode": "PassThrough"
              }
            ],
            "version": "$LATEST",
            "vpc_config": []
          },
          "sensitive_attributes": [
            [
              {
                "type": "get_attr",
                "value": "environment"
              },
              {
                "type": "index",
                "value": {
                  "value": 0,
                  "type": "number"
                }
              },
              {
                "type": "get_attr",
                "value": "variables"
              },
              {
                "type": "index",
                "value": {
                  "value": "ENCRYPTED_GOOGLE_API_KEY",
                  "type": "string"
                }
              }
            ],
            [
              {
                "type": "get_attr",
                "value": "environment"
              },
              {
                "type": "index",
                "value": {
                  "value": 0,
                  "type": "number"
                }
              },
              {
                "type": "get_attr",
                "value": "variables"
              },
              {
                "type": "index",
                "value": {
                  "value": "ENCRYPTED_SEARCH_ENGINE_ID",
                  "type": "string"
                }
              }
            ]
          ],
          "identity_schema_version": 0,
          "private": "eyJlMmJmYjczMC1lY2FhLTExZTYtOGY4OC0zNDM2M2JjN2M0YzAiOnsiY3JlYXRlIjo2MDAwMDAwMDAwMDAsImRlbGV0ZSI6NjAwMDAwMDAwMDAwLCJ1cGRhdGUiOjYwMDAwMDAwMDAwMH19",
          "dependencies": [
            "aws_iam_role.google_search_proxy"
          ]
        }
      ]
    },
    {
      "mode": "managed",
      "type": "aws_lambda_permission",
      "name": "api_gateway",
      "provider": "provider[\"registry.terraform.io/hashicorp/aws\"]",
      "instances": [
        {
          "schema_version": 0,
          "attributes": {
            "action": "lambda:InvokeFunction",
            "event_source_token": null,
            "function_name": "cognotik-google-search-proxy",
            "function_url_auth_type": null,
            "id": "AllowAPIGatewayInvoke",
            "principal": "apigateway.amazonaws.com",
            "principal_org_id": null,
            "qualifier": "",
            "source_account": null,
            "source_arn": "arn:aws:execute-api:us-east-1:470240306861:1lrgx057rh/*/*",
            "statement_id": "AllowAPIGatewayInvoke",
            "statement_id_prefix": ""
          },
          "sensitive_attributes": [],
          "identity_schema_version": 0,
          "private": "bnVsbA==",
          "dependencies": [
            "aws_apigatewayv2_api.google_search_proxy",
            "aws_iam_role.google_search_proxy",
            "aws_lambda_function.google_search_proxy"
          ]
        }
      ]
    }
  ],
  "check_results": null
}
